Microsoft Visual Studio Solution File, Format Version 12.00
# Visual Studio Version 17
VisualStudioVersion = 17.5.2.0
MinimumVisualStudioVersion = 10.0.40219.1
Project("{FAE04EC0-301F-11D3-BF4B-00C04F79EFBC}") = "IdentityPractice", "IdentityPractice.csproj", "{176B7BC4-621B-4B1A-CF7E-636F66FFDD42}"
EndProject
Global
	GlobalSection(SolutionConfigurationPlatforms) = preSolution
		Debug|Any CPU = Debug|Any CPU
		Release|Any CPU = Release|Any CPU
	EndGlobalSection
	GlobalSection(ProjectConfigurationPlatforms) = postSolution
		{176B7BC4-621B-4B1A-CF7E-636F66FFDD42}.Debug|Any CPU.ActiveCfg = Debug|Any CPU
		{176B7BC4-621B-4B1A-CF7E-636F66FFDD42}.Debug|Any CPU.Build.0 = Debug|Any CPU
		{176B7BC4-621B-4B1A-CF7E-636F66FFDD42}.Release|Any CPU.ActiveCfg = Release|Any CPU
		{176B7BC4-621B-4B1A-CF7E-636F66FFDD42}.Release|Any CPU.Build.0 = Release|Any CPU
	EndGlobalSection
	GlobalSection(SolutionProperties) = preSolution
		HideSolutionNode = FALSE
	EndGlobalSection
	GlobalSection(ExtensibilityGlobals) = postSolution
		SolutionGuid = {8040B019-E144-46DC-91F7-ABFC7BB705BF}
	EndGlobalSection
EndGlobal
